
Microsoft Visual Studio Solution File, Format Version 12.00
# Visual Studio Version 16
VisualStudioVersion = 16.0.31129.286
MinimumVisualStudioVersion = 10.0.40219.1
Project("{9A19103F-16F7-4668-BE54-9A1E7A4F7556}") = "LocadoraVeiculos.Dominio", "src\LocadoraVeiculos.Dominio\LocadoraVeiculos.Dominio.csproj", "{2C98F8E2-0F4A-449D-829A-E187AF494B2D}"
EndProject
Project("{2150E333-8FDC-42A3-9474-1A3956D46DE8}") = "2.1 Apresentação", "2.1 Apresentação", "{3EF0115D-5179-46A6-8E20-0DC573CC8CCB}"
EndProject
Project("{2150E333-8FDC-42A3-9474-1A3956D46DE8}") = "2.2 Aplicação", "2.2 Aplicação", "{74096A88-0890-4F8C-8B1B-2FE54483878B}"
EndProject
Project("{2150E333-8FDC-42A3-9474-1A3956D46DE8}") = "2.3 Dominio", "2.3 Dominio", "{C1A45BAF-ECB6-412A-AADB-A3E298D14262}"
EndProject
Project("{2150E333-8FDC-42A3-9474-1A3956D46DE8}") = "2.4 Infra", "2.4 Infra", "{3CB6C26E-B747-4E88-84D8-10A50D9E5160}"
EndProject
Project("{2150E333-8FDC-42A3-9474-1A3956D46DE8}") = "2.5 Banco de Dados", "2.5 Banco de Dados", "{4B477988-0774-4BDD-A52C-36979B37E4C6}"
EndProject
Project("{2150E333-8FDC-42A3-9474-1A3956D46DE8}") = "3. tests", "3. tests", "{E5ADF1FB-242A-4853-93AA-5C82DFF95824}"
EndProject
Project("{9A19103F-16F7-4668-BE54-9A1E7A4F7556}") = "LocadoraVeiculos.WindowsApp", "src\LocadoraVeiculos.WindowsApp\LocadoraVeiculos.WindowsApp.csproj", "{5FADF947-E351-4CCF-AC1A-7C11885B1F91}"
EndProject
Project("{9A19103F-16F7-4668-BE54-9A1E7A4F7556}") = "LocadoraVeiculos.Aplicacao", "src\LocadoraVeiculos.Aplicacao\LocadoraVeiculos.Aplicacao.csproj", "{50ABEA13-D60B-44A2-99D7-1BBB9EE0AF58}"
EndProject
Project("{2150E333-8FDC-42A3-9474-1A3956D46DE8}") = "4.1 Data", "4.1 Data", "{B24CC7DF-FD00-4B1C-BB84-C9B910BA3071}"
EndProject
Project("{9A19103F-16F7-4668-BE54-9A1E7A4F7556}") = "LocadoraVeiculos.Infra.SQL", "src\LocadoraVeiculos.Infra.SQL\LocadoraVeiculos.Infra.SQL.csproj", "{B7CF9AA7-67E6-45EF-89A7-4DB7AA820B6F}"
EndProject
Project("{9A19103F-16F7-4668-BE54-9A1E7A4F7556}") = "LocadoraVeiculos.Infra.ORM", "src\LocadoraVeiculos.Infra.ORM\LocadoraVeiculos.Infra.ORM.csproj", "{C1A99A2A-1F7D-4128-BF6E-EE862F91F05E}"
EndProject
Project("{2150E333-8FDC-42A3-9474-1A3956D46DE8}") = "4.2 External Services", "4.2 External Services", "{9FF23E9F-6050-47B5-BF9C-3E99538D1A8E}"
EndProject
Project("{9A19103F-16F7-4668-BE54-9A1E7A4F7556}") = "LocadoraVeiculos.Infra.InternetServices", "src\LocadoraVeiculos.Infra.InternetServices\LocadoraVeiculos.Infra.InternetServices.csproj", "{ADA3CF32-AC5E-4644-839A-A69AFA457835}"
EndProject
Project("{2150E333-8FDC-42A3-9474-1A3956D46DE8}") = "4.3 PDF", "4.3 PDF", "{D3884AF1-619A-451D-94AB-0A663B1AECAC}"
EndProject
Project("{9A19103F-16F7-4668-BE54-9A1E7A4F7556}") = "LocadoraVeiculos.Infra.PDF", "src\LocadoraVeiculos.Infra.PDF\LocadoraVeiculos.Infra.PDF.csproj", "{B5482008-7CDE-42EC-BC05-20A3C02D435E}"
EndProject
Project("{2150E333-8FDC-42A3-9474-1A3956D46DE8}") = "4.4 Extesion Methods", "4.4 Extesion Methods", "{147FDFE0-F12C-47E4-9755-98836211F71B}"
EndProject
Project("{9A19103F-16F7-4668-BE54-9A1E7A4F7556}") = "LocadoraVeiculos.Infra.ExtensionMethods", "src\LocadoraVeiculos.Infra.ExtensionMethods\LocadoraVeiculos.Infra.ExtensionMethods.csproj", "{77C9BE8A-8A9D-4BDA-A2FB-7AC04A827DA8}"
EndProject
Project("{00D1A9C2-B5F0-4AF3-8072-F6C62B433612}") = "LocadoraVeiculos.SqlDatabase", "databases\LocadoraVeiculos.SqlDatabase\LocadoraVeiculos.SqlDatabase.sqlproj", "{38773523-9748-4DF1-846D-722BB776941F}"
EndProject
Project("{9A19103F-16F7-4668-BE54-9A1E7A4F7556}") = "LocadoraVeiculos.UnitTests", "tests\LocadoraVeiculos.UnitTests\LocadoraVeiculos.UnitTests.csproj", "{8767A934-D954-4B96-B497-05B4BD8B6069}"
EndProject
Project("{2150E333-8FDC-42A3-9474-1A3956D46DE8}") = "3.1 DataBuilders", "3.1 DataBuilders", "{CEFD2EA0-0B90-4B43-A157-F1600FD0C867}"
EndProject
Project("{2150E333-8FDC-42A3-9474-1A3956D46DE8}") = "3.2 Testes Unitários", "3.2 Testes Unitários", "{981FC84C-9FB3-483D-ACB7-C6A643F07F27}"
EndProject
Project("{2150E333-8FDC-42A3-9474-1A3956D46DE8}") = "3.3 Testes de Integração", "3.3 Testes de Integração", "{5321F7AF-7A07-4510-B540-2D9A9CC8B640}"
EndProject
Project("{9A19103F-16F7-4668-BE54-9A1E7A4F7556}") = "LocadoraVeiculos.IntegrationTests", "tests\LocadoraVeiculos.IntegrationTests\LocadoraVeiculos.IntegrationTests.csproj", "{50E3AC6B-4CB4-4E0E-9162-492E3F35DAF3}"
EndProject
Project("{9A19103F-16F7-4668-BE54-9A1E7A4F7556}") = "LocadoraVeiculos.TestDataBuilders", "tests\LocadoraVeiculos.TestDataBuilders\LocadoraVeiculos.TestDataBuilders.csproj", "{21F5549D-D82E-4ADB-9B29-F36CE354E222}"
EndProject
Project("{2150E333-8FDC-42A3-9474-1A3956D46DE8}") = "1. docs", "1. docs", "{99D6C429-5CF0-40DF-A315-2166E4CEEFCF}"
EndProject
Project("{2150E333-8FDC-42A3-9474-1A3956D46DE8}") = "2. src", "2. src", "{CE568250-92A0-4D20-93AE-4BB984B6AD21}"
EndProject
Project("{9A19103F-16F7-4668-BE54-9A1E7A4F7556}") = "LocadoraVeiculos.ConsoleApp", "src\LocadoraVeiculos.ConsoleApp\LocadoraVeiculos.ConsoleApp.csproj", "{D76FF8B0-4D79-487D-A15D-375CB1792ACF}"
EndProject
Project("{2150E333-8FDC-42A3-9474-1A3956D46DE8}") = "4.5 Logs", "4.5 Logs", "{931B73A4-49AB-4770-B53D-1184856D1FA8}"
EndProject
Project("{9A19103F-16F7-4668-BE54-9A1E7A4F7556}") = "LocadoraVeiculos.Infra.Logging", "src\LocadoraVeiculos.Infra.Logging\LocadoraVeiculos.Infra.Logging.csproj", "{DA4534DB-E57B-4DB9-AD41-BF600F71ED64}"
EndProject
Project("{9A19103F-16F7-4668-BE54-9A1E7A4F7556}") = "LocadoraVeiculos.WebApplication", "src\LocadoraVeiculos.WebApplication\LocadoraVeiculos.WebApplication.csproj", "{F0C9980D-C772-4009-9A41-9F4237CABE67}"
EndProject
Project("{9A19103F-16F7-4668-BE54-9A1E7A4F7556}") = "LocadoraVeiculos.WindowsServices", "src\LocadoraVeiculos.WindowsServices\LocadoraVeiculos.WindowsServices.csproj", "{BDBFEF02-6F08-42BD-A29C-5838F4E3724F}"
EndProject
Project("{FAE04EC0-301F-11D3-BF4B-00C04F79EFBC}") = "LocadoraVeiculos.WebApi", "src\LocadoraVeiculos.WebApi\LocadoraVeiculos.WebApi.csproj", "{0B263D3C-EB34-474A-92EC-9C927E43793A}"
EndProject
Global
	GlobalSection(SolutionConfigurationPlatforms) = preSolution
		Debug|Any CPU = Debug|Any CPU
		Release|Any CPU = Release|Any CPU
	EndGlobalSection
	GlobalSection(ProjectConfigurationPlatforms) = postSolution
		{2C98F8E2-0F4A-449D-829A-E187AF494B2D}.Debug|Any CPU.ActiveCfg = Debug|Any CPU
		{2C98F8E2-0F4A-449D-829A-E187AF494B2D}.Debug|Any CPU.Build.0 = Debug|Any CPU
		{2C98F8E2-0F4A-449D-829A-E187AF494B2D}.Release|Any CPU.ActiveCfg = Release|Any CPU
		{2C98F8E2-0F4A-449D-829A-E187AF494B2D}.Release|Any CPU.Build.0 = Release|Any CPU
		{5FADF947-E351-4CCF-AC1A-7C11885B1F91}.Debug|Any CPU.ActiveCfg = Debug|Any CPU
		{5FADF947-E351-4CCF-AC1A-7C11885B1F91}.Debug|Any CPU.Build.0 = Debug|Any CPU
		{5FADF947-E351-4CCF-AC1A-7C11885B1F91}.Release|Any CPU.ActiveCfg = Release|Any CPU
		{5FADF947-E351-4CCF-AC1A-7C11885B1F91}.Release|Any CPU.Build.0 = Release|Any CPU
		{50ABEA13-D60B-44A2-99D7-1BBB9EE0AF58}.Debug|Any CPU.ActiveCfg = Debug|Any CPU
		{50ABEA13-D60B-44A2-99D7-1BBB9EE0AF58}.Debug|Any CPU.Build.0 = Debug|Any CPU
		{50ABEA13-D60B-44A2-99D7-1BBB9EE0AF58}.Release|Any CPU.ActiveCfg = Release|Any CPU
		{50ABEA13-D60B-44A2-99D7-1BBB9EE0AF58}.Release|Any CPU.Build.0 = Release|Any CPU
		{B7CF9AA7-67E6-45EF-89A7-4DB7AA820B6F}.Debug|Any CPU.ActiveCfg = Debug|Any CPU
		{B7CF9AA7-67E6-45EF-89A7-4DB7AA820B6F}.Debug|Any CPU.Build.0 = Debug|Any CPU
		{B7CF9AA7-67E6-45EF-89A7-4DB7AA820B6F}.Release|Any CPU.ActiveCfg = Release|Any CPU
		{B7CF9AA7-67E6-45EF-89A7-4DB7AA820B6F}.Release|Any CPU.Build.0 = Release|Any CPU
		{C1A99A2A-1F7D-4128-BF6E-EE862F91F05E}.Debug|Any CPU.ActiveCfg = Debug|Any CPU
		{C1A99A2A-1F7D-4128-BF6E-EE862F91F05E}.Debug|Any CPU.Build.0 = Debug|Any CPU
		{C1A99A2A-1F7D-4128-BF6E-EE862F91F05E}.Release|Any CPU.ActiveCfg = Release|Any CPU
		{C1A99A2A-1F7D-4128-BF6E-EE862F91F05E}.Release|Any CPU.Build.0 = Release|Any CPU
		{ADA3CF32-AC5E-4644-839A-A69AFA457835}.Debug|Any CPU.ActiveCfg = Debug|Any CPU
		{ADA3CF32-AC5E-4644-839A-A69AFA457835}.Debug|Any CPU.Build.0 = Debug|Any CPU
		{ADA3CF32-AC5E-4644-839A-A69AFA457835}.Release|Any CPU.ActiveCfg = Release|Any CPU
		{ADA3CF32-AC5E-4644-839A-A69AFA457835}.Release|Any CPU.Build.0 = Release|Any CPU
		{B5482008-7CDE-42EC-BC05-20A3C02D435E}.Debug|Any CPU.ActiveCfg = Debug|Any CPU
		{B5482008-7CDE-42EC-BC05-20A3C02D435E}.Debug|Any CPU.Build.0 = Debug|Any CPU
		{B5482008-7CDE-42EC-BC05-20A3C02D435E}.Release|Any CPU.ActiveCfg = Release|Any CPU
		{B5482008-7CDE-42EC-BC05-20A3C02D435E}.Release|Any CPU.Build.0 = Release|Any CPU
		{77C9BE8A-8A9D-4BDA-A2FB-7AC04A827DA8}.Debug|Any CPU.ActiveCfg = Debug|Any CPU
		{77C9BE8A-8A9D-4BDA-A2FB-7AC04A827DA8}.Debug|Any CPU.Build.0 = Debug|Any CPU
		{77C9BE8A-8A9D-4BDA-A2FB-7AC04A827DA8}.Release|Any CPU.ActiveCfg = Release|Any CPU
		{77C9BE8A-8A9D-4BDA-A2FB-7AC04A827DA8}.Release|Any CPU.Build.0 = Release|Any CPU
		{38773523-9748-4DF1-846D-722BB776941F}.Debug|Any CPU.ActiveCfg = Debug|Any CPU
		{38773523-9748-4DF1-846D-722BB776941F}.Debug|Any CPU.Build.0 = Debug|Any CPU
		{38773523-9748-4DF1-846D-722BB776941F}.Debug|Any CPU.Deploy.0 = Debug|Any CPU
		{38773523-9748-4DF1-846D-722BB776941F}.Release|Any CPU.ActiveCfg = Release|Any CPU
		{38773523-9748-4DF1-846D-722BB776941F}.Release|Any CPU.Build.0 = Release|Any CPU
		{38773523-9748-4DF1-846D-722BB776941F}.Release|Any CPU.Deploy.0 = Release|Any CPU
		{8767A934-D954-4B96-B497-05B4BD8B6069}.Debug|Any CPU.ActiveCfg = Debug|Any CPU
		{8767A934-D954-4B96-B497-05B4BD8B6069}.Debug|Any CPU.Build.0 = Debug|Any CPU
		{8767A934-D954-4B96-B497-05B4BD8B6069}.Release|Any CPU.ActiveCfg = Release|Any CPU
		{8767A934-D954-4B96-B497-05B4BD8B6069}.Release|Any CPU.Build.0 = Release|Any CPU
		{50E3AC6B-4CB4-4E0E-9162-492E3F35DAF3}.Debug|Any CPU.ActiveCfg = Debug|Any CPU
		{50E3AC6B-4CB4-4E0E-9162-492E3F35DAF3}.Debug|Any CPU.Build.0 = Debug|Any CPU
		{50E3AC6B-4CB4-4E0E-9162-492E3F35DAF3}.Release|Any CPU.ActiveCfg = Release|Any CPU
		{50E3AC6B-4CB4-4E0E-9162-492E3F35DAF3}.Release|Any CPU.Build.0 = Release|Any CPU
		{21F5549D-D82E-4ADB-9B29-F36CE354E222}.Debug|Any CPU.ActiveCfg = Debug|Any CPU
		{21F5549D-D82E-4ADB-9B29-F36CE354E222}.Debug|Any CPU.Build.0 = Debug|Any CPU
		{21F5549D-D82E-4ADB-9B29-F36CE354E222}.Release|Any CPU.ActiveCfg = Release|Any CPU
		{21F5549D-D82E-4ADB-9B29-F36CE354E222}.Release|Any CPU.Build.0 = Release|Any CPU
		{D76FF8B0-4D79-487D-A15D-375CB1792ACF}.Debug|Any CPU.ActiveCfg = Debug|Any CPU
		{D76FF8B0-4D79-487D-A15D-375CB1792ACF}.Debug|Any CPU.Build.0 = Debug|Any CPU
		{D76FF8B0-4D79-487D-A15D-375CB1792ACF}.Release|Any CPU.ActiveCfg = Release|Any CPU
		{D76FF8B0-4D79-487D-A15D-375CB1792ACF}.Release|Any CPU.Build.0 = Release|Any CPU
		{DA4534DB-E57B-4DB9-AD41-BF600F71ED64}.Debug|Any CPU.ActiveCfg = Debug|Any CPU
		{DA4534DB-E57B-4DB9-AD41-BF600F71ED64}.Debug|Any CPU.Build.0 = Debug|Any CPU
		{DA4534DB-E57B-4DB9-AD41-BF600F71ED64}.Release|Any CPU.ActiveCfg = Release|Any CPU
		{DA4534DB-E57B-4DB9-AD41-BF600F71ED64}.Release|Any CPU.Build.0 = Release|Any CPU
		{F0C9980D-C772-4009-9A41-9F4237CABE67}.Debug|Any CPU.ActiveCfg = Debug|Any CPU
		{F0C9980D-C772-4009-9A41-9F4237CABE67}.Debug|Any CPU.Build.0 = Debug|Any CPU
		{F0C9980D-C772-4009-9A41-9F4237CABE67}.Release|Any CPU.ActiveCfg = Release|Any CPU
		{F0C9980D-C772-4009-9A41-9F4237CABE67}.Release|Any CPU.Build.0 = Release|Any CPU
		{BDBFEF02-6F08-42BD-A29C-5838F4E3724F}.Debug|Any CPU.ActiveCfg = Debug|Any CPU
		{BDBFEF02-6F08-42BD-A29C-5838F4E3724F}.Debug|Any CPU.Build.0 = Debug|Any CPU
		{BDBFEF02-6F08-42BD-A29C-5838F4E3724F}.Release|Any CPU.ActiveCfg = Release|Any CPU
		{BDBFEF02-6F08-42BD-A29C-5838F4E3724F}.Release|Any CPU.Build.0 = Release|Any CPU
		{0B263D3C-EB34-474A-92EC-9C927E43793A}.Debug|Any CPU.ActiveCfg = Debug|Any CPU
		{0B263D3C-EB34-474A-92EC-9C927E43793A}.Debug|Any CPU.Build.0 = Debug|Any CPU
		{0B263D3C-EB34-474A-92EC-9C927E43793A}.Release|Any CPU.ActiveCfg = Release|Any CPU
		{0B263D3C-EB34-474A-92EC-9C927E43793A}.Release|Any CPU.Build.0 = Release|Any CPU
	EndGlobalSection
	GlobalSection(SolutionProperties) = preSolution
		HideSolutionNode = FALSE
	EndGlobalSection
	GlobalSection(NestedProjects) = preSolution
		{2C98F8E2-0F4A-449D-829A-E187AF494B2D} = {C1A45BAF-ECB6-412A-AADB-A3E298D14262}
		{3EF0115D-5179-46A6-8E20-0DC573CC8CCB} = {CE568250-92A0-4D20-93AE-4BB984B6AD21}
		{74096A88-0890-4F8C-8B1B-2FE54483878B} = {CE568250-92A0-4D20-93AE-4BB984B6AD21}
		{C1A45BAF-ECB6-412A-AADB-A3E298D14262} = {CE568250-92A0-4D20-93AE-4BB984B6AD21}
		{3CB6C26E-B747-4E88-84D8-10A50D9E5160} = {CE568250-92A0-4D20-93AE-4BB984B6AD21}
		{4B477988-0774-4BDD-A52C-36979B37E4C6} = {CE568250-92A0-4D20-93AE-4BB984B6AD21}
		{5FADF947-E351-4CCF-AC1A-7C11885B1F91} = {3EF0115D-5179-46A6-8E20-0DC573CC8CCB}
		{50ABEA13-D60B-44A2-99D7-1BBB9EE0AF58} = {74096A88-0890-4F8C-8B1B-2FE54483878B}
		{B24CC7DF-FD00-4B1C-BB84-C9B910BA3071} = {3CB6C26E-B747-4E88-84D8-10A50D9E5160}
		{B7CF9AA7-67E6-45EF-89A7-4DB7AA820B6F} = {B24CC7DF-FD00-4B1C-BB84-C9B910BA3071}
		{C1A99A2A-1F7D-4128-BF6E-EE862F91F05E} = {B24CC7DF-FD00-4B1C-BB84-C9B910BA3071}
		{9FF23E9F-6050-47B5-BF9C-3E99538D1A8E} = {3CB6C26E-B747-4E88-84D8-10A50D9E5160}
		{ADA3CF32-AC5E-4644-839A-A69AFA457835} = {9FF23E9F-6050-47B5-BF9C-3E99538D1A8E}
		{D3884AF1-619A-451D-94AB-0A663B1AECAC} = {3CB6C26E-B747-4E88-84D8-10A50D9E5160}
		{B5482008-7CDE-42EC-BC05-20A3C02D435E} = {D3884AF1-619A-451D-94AB-0A663B1AECAC}
		{147FDFE0-F12C-47E4-9755-98836211F71B} = {3CB6C26E-B747-4E88-84D8-10A50D9E5160}
		{77C9BE8A-8A9D-4BDA-A2FB-7AC04A827DA8} = {147FDFE0-F12C-47E4-9755-98836211F71B}
		{38773523-9748-4DF1-846D-722BB776941F} = {4B477988-0774-4BDD-A52C-36979B37E4C6}
		{8767A934-D954-4B96-B497-05B4BD8B6069} = {981FC84C-9FB3-483D-ACB7-C6A643F07F27}
		{CEFD2EA0-0B90-4B43-A157-F1600FD0C867} = {E5ADF1FB-242A-4853-93AA-5C82DFF95824}
		{981FC84C-9FB3-483D-ACB7-C6A643F07F27} = {E5ADF1FB-242A-4853-93AA-5C82DFF95824}
		{5321F7AF-7A07-4510-B540-2D9A9CC8B640} = {E5ADF1FB-242A-4853-93AA-5C82DFF95824}
		{50E3AC6B-4CB4-4E0E-9162-492E3F35DAF3} = {5321F7AF-7A07-4510-B540-2D9A9CC8B640}
		{21F5549D-D82E-4ADB-9B29-F36CE354E222} = {CEFD2EA0-0B90-4B43-A157-F1600FD0C867}
		{D76FF8B0-4D79-487D-A15D-375CB1792ACF} = {3EF0115D-5179-46A6-8E20-0DC573CC8CCB}
		{931B73A4-49AB-4770-B53D-1184856D1FA8} = {3CB6C26E-B747-4E88-84D8-10A50D9E5160}
		{DA4534DB-E57B-4DB9-AD41-BF600F71ED64} = {931B73A4-49AB-4770-B53D-1184856D1FA8}
		{F0C9980D-C772-4009-9A41-9F4237CABE67} = {3EF0115D-5179-46A6-8E20-0DC573CC8CCB}
		{BDBFEF02-6F08-42BD-A29C-5838F4E3724F} = {3EF0115D-5179-46A6-8E20-0DC573CC8CCB}
		{0B263D3C-EB34-474A-92EC-9C927E43793A} = {3EF0115D-5179-46A6-8E20-0DC573CC8CCB}
	EndGlobalSection
	GlobalSection(ExtensibilityGlobals) = postSolution
		SolutionGuid = {7954ADB0-28C2-48F8-8085-DBA0E254963D}
	EndGlobalSection
EndGlobal
